lockfileVersion: 5.4

specifiers:
  '@playwright/test': ^1.33.0
  playwright: ^1.33.0

dependencies:
  '@playwright/test': 1.33.0

devDependencies:
  playwright: 1.33.0

packages:

  /@playwright/test/1.33.0:
    resolution: {integrity: sha512-YunBa2mE7Hq4CfPkGzQRK916a4tuZoVx/EpLjeWlTVOnD4S2+fdaQZE0LJkbfhN5FTSKNLdcl7MoT5XB37bTkg==}
    engines: {node: '>=14'}
    hasBin: true
    dependencies:
      '@types/node': 18.16.2
      playwright-core: 1.33.0
    optionalDependencies:
      fsevents: 2.3.2
    dev: false

  /@types/node/18.16.2:
    resolution: {integrity: sha512-GQW/JL/5Fz/0I8RpeBG9lKp0+aNcXEaVL71c0D2Q0QHDTFvlYKT7an0onCUXj85anv7b4/WesqdfchLc0jtsCg==}
    dev: false

  /fsevents/2.3.2:
    resolution: {integrity: sha512-xiqMQR4xAeHTuB9uWm+fFRcIOgKBMiOBP+eXiyT7jsgVCq1bkVygt00oASowB7EdtpOHaaPgKt812P9ab+DDKA==}
    engines: {node: ^8.16.0 || ^10.6.0 || >=11.0.0}
    os: [darwin]
    requiresBuild: true
    dev: false
    optional: true

  /playwright-core/1.33.0:
    resolution: {integrity: sha512-aizyPE1Cj62vAECdph1iaMILpT0WUDCq3E6rW6I+dleSbBoGbktvJtzS6VHkZ4DKNEOG9qJpiom/ZxO+S15LAw==}
    engines: {node: '>=14'}
    hasBin: true

  /playwright/1.33.0:
    resolution: {integrity: sha512-+zzU3V2TslRX2ETBRgQKsKytYBkJeLZ2xzUj4JohnZnxQnivoUvOvNbRBYWSYykQTO0Y4zb8NwZTYFUO+EpPBQ==}
    engines: {node: '>=14'}
    hasBin: true
    requiresBuild: true
    dependencies:
      playwright-core: 1.33.0
    dev: true
